
Microsoft Visual Studio Solution File, Format Version 12.00
# Visual Studio Version 17
VisualStudioVersion = 17.9.34526.213
MinimumVisualStudioVersion = 10.0.40219.1
Project("{9A19103F-16F7-4668-BE54-9A1E7A4F7556}") = "Api", "Api\Api.csproj", "{89A5018F-8379-4CFA-94D8-E6189663A5BC}"
EndProject
Project("{FAE04EC0-301F-11D3-BF4B-00C04F79EFBC}") = "API.Test", "API.Test\API.Test.csproj", "{DCB60705-0907-4D3F-BE54-C748673373AB}"
EndProject
Global
	GlobalSection(SolutionConfigurationPlatforms) = preSolution
		Debug|Any CPU = Debug|Any CPU
		Release|Any CPU = Release|Any CPU
	EndGlobalSection
	GlobalSection(ProjectConfigurationPlatforms) = postSolution
		{89A5018F-8379-4CFA-94D8-E6189663A5BC}.Debug|Any CPU.ActiveCfg = Debug|Any CPU
		{89A5018F-8379-4CFA-94D8-E6189663A5BC}.Debug|Any CPU.Build.0 = Debug|Any CPU
		{89A5018F-8379-4CFA-94D8-E6189663A5BC}.Release|Any CPU.ActiveCfg = Release|Any CPU
		{89A5018F-8379-4CFA-94D8-E6189663A5BC}.Release|Any CPU.Build.0 = Release|Any CPU
		{DCB60705-0907-4D3F-BE54-C748673373AB}.Debug|Any CPU.ActiveCfg = Debug|Any CPU
		{DCB60705-0907-4D3F-BE54-C748673373AB}.Debug|Any CPU.Build.0 = Debug|Any CPU
		{DCB60705-0907-4D3F-BE54-C748673373AB}.Release|Any CPU.ActiveCfg = Release|Any CPU
		{DCB60705-0907-4D3F-BE54-C748673373AB}.Release|Any CPU.Build.0 = Release|Any CPU
	EndGlobalSection
	GlobalSection(SolutionProperties) = preSolution
		HideSolutionNode = FALSE
	EndGlobalSection
	GlobalSection(ExtensibilityGlobals) = postSolution
		SolutionGuid = {5AFFADFF-04A4-4FA3-8941-5771B38DE523}
	EndGlobalSection
EndGlobal
